// !$*UTF8*$!
{
	archiveVersion = 1;
	classes = {
	};
	objectVersion = 46;
	objects = {

/* Begin PBXBuildFile section */
		49E8743C1A3864E200E2A1C8 /* main.m in Sources */ = {isa = PBXBuildFile; fileRef = 49E8743B1A3864E200E2A1C8 /* main.m */; };
		49E8743F1A3864E200E2A1C8 /* AppDelegate.m in Sources */ = {isa = PBXBuildFile; fileRef = 49E8743E1A3864E200E2A1C8 /* AppDelegate.m */; };
		49E874421A3864E200E2A1C8 /* userTestTask.xcdatamodeld in Sources */ = {isa = PBXBuildFile; fileRef = 49E874401A3864E200E2A1C8 /* userTestTask.xcdatamodeld */; };
		49E874451A3864E200E2A1C8 /* ViewController.m in Sources */ = {isa = PBXBuildFile; fileRef = 49E874441A3864E200E2A1C8 /* ViewController.m */; };
		49E874481A3864E200E2A1C8 /* Main.storyboard in Resources */ = {isa = PBXBuildFile; fileRef = 49E874461A3864E200E2A1C8 /* Main.storyboard */; };
		49E8744A1A3864E200E2A1C8 /* Images.xcassets in Resources */ = {isa = PBXBuildFile; fileRef = 49E874491A3864E200E2A1C8 /* Images.xcassets */; };
		49E8744D1A3864E200E2A1C8 /* LaunchScreen.xib in Resources */ = {isa = PBXBuildFile; fileRef = 49E8744B1A3864E200E2A1C8 /* LaunchScreen.xib */; };
		49E874591A3864E200E2A1C8 /* userTestTaskTests.m in Sources */ = {isa = PBXBuildFile; fileRef = 49E874581A3864E200E2A1C8 /* userTestTaskTests.m */; };
/* End PBXBuildFile section */

/* Begin PBXContainerItemProxy section */
		49E874531A3864E200E2A1C8 /* PBXContainerItemProxy */ = {
			isa = PBXContainerItemProxy;
			containerPortal = 49E8742E1A3864E200E2A1C8 /* Project object */;
			proxyType = 1;
			remoteGlobalIDString = 49E874351A3864E200E2A1C8;
			remoteInfo = userTestTask;
		};
/* End PBXContainerItemProxy section */

/* Begin PBXFileReference section */
		49E874361A3864E200E2A1C8 /* userTestTask.app */ = {isa = PBXFileReference; explicitFileType = wrapper.application; includeInIndex = 0; path = userTestTask.app; sourceTree = BUILT_PRODUCTS_DIR; };
		49E8743A1A3864E200E2A1C8 /* Info.plist */ = {isa = PBXFileReference; lastKnownFileType = text.plist.xml; path = Info.plist; sourceTree = "<group>"; };
		49E8743B1A3864E200E2A1C8 /* main.m */ = {isa = PBXFileReference; lastKnownFileType = sourcecode.c.objc; path = main.m; sourceTree = "<group>"; };
		49E8743D1A3864E200E2A1C8 /* AppDelegate.h */ = {isa = PBXFileReference; lastKnownFileType = sourcecode.c.h; path = AppDelegate.h; sourceTree = "<group>"; };
		49E8743E1A3864E200E2A1C8 /* AppDelegate.m */ = {isa = PBXFileReference; lastKnownFileType = sourcecode.c.objc; path = AppDelegate.m; sourceTree = "<group>"; };
		49E874411A3864E200E2A1C8 /* userTestTask.xcdatamodel */ = {isa = PBXFileReference; lastKnownFileType = wrapper.xcdatamodel; path = userTestTask.xcdatamodel; sourceTree = "<group>"; };
		49E874431A3864E200E2A1C8 /* ViewController.h */ = {isa = PBXFileReference; lastKnownFileType = sourcecode.c.h; path = ViewController.h; sourceTree = "<group>"; };
		49E874441A3864E200E2A1C8 /* ViewController.m */ = {isa = PBXFileReference; lastKnownFileType = sourcecode.c.objc; path = ViewController.m; sourceTree = "<group>"; };
		49E874471A3864E200E2A1C8 /* Base */ = {isa = PBXFileReference; lastKnownFileType = file.storyboard; name = Base; path = Base.lproj/Main.storyboard; sourceTree = "<group>"; };
		49E874491A3864E200E2A1C8 /* Images.xcassets */ = {isa = PBXFileReference; lastKnownFileType = folder.assetcatalog; path = Images.xcassets; sourceTree = "<group>"; };
		49E8744C1A3864E200E2A1C8 /* Base */ = {isa = PBXFileReference; lastKnownFileType = file.xib; name = Base; path = Base.lproj/LaunchScreen.xib; sourceTree = "<group>"; };
		49E874521A3864E200E2A1C8 /* userTestTaskTests.xctest */ = {isa = PBXFileReference; explicitFileType = wrapper.cfbundle; includeInIndex = 0; path = userTestTaskTests.xctest; sourceTree = BUILT_PRODUCTS_DIR; };
		49E874571A3864E200E2A1C8 /* Info.plist */ = {isa = PBXFileReference; lastKnownFileType = text.plist.xml; path = Info.plist; sourceTree = "<group>"; };
		49E874581A3864E200E2A1C8 /* userTestTaskTests.m */ = {isa = PBXFileReference; lastKnownFileType = sourcecode.c.objc; path = userTestTaskTests.m; sourceTree = "<group>"; };
/* End PBXFileReference section */

/* Begin PBXFrameworksBuildPhase section */
		49E874331A3864E200E2A1C8 /* Frameworks */ = {
			isa = PBXFrameworksBuildPhase;
			buildActionMask = 2147483647;
			files = (
			);
			runOnlyForDeploymentPostprocessing = 0;
		};
		49E8744F1A3864E200E2A1C8 /* Frameworks */ = {
			isa = PBXFrameworksBuildPhase;
			buildActionMask = 2147483647;
			files = (
			);
			runOnlyForDeploymentPostprocessing = 0;
		};
/* End PBXFrameworksBuildPhase section */

/* Begin PBXGroup section */
		49E8742D1A3864E200E2A1C8 = {
			isa = PBXGroup;
			children = (
				49E874381A3864E200E2A1C8 /* userTestTask */,
				49E874551A3864E200E2A1C8 /* userTestTaskTests */,
				49E874371A3864E200E2A1C8 /* Products */,
			);
			sourceTree = "<group>";
		};
		49E874371A3864E200E2A1C8 /* Products */ = {
			isa = PBXGroup;
			children = (
				49E874361A3864E200E2A1C8 /* userTestTask.app */,
				49E874521A3864E200E2A1C8 /* userTestTaskTests.xctest */,
			);
			name = Products;
			sourceTree = "<group>";
		};
		49E874381A3864E200E2A1C8 /* userTestTask */ = {
			isa = PBXGroup;
			children = (
				49E8743D1A3864E200E2A1C8 /* AppDelegate.h */,
				49E8743E1A3864E200E2A1C8 /* AppDelegate.m */,
				49E874431A3864E200E2A1C8 /* ViewController.h */,
				49E874441A3864E200E2A1C8 /* ViewController.m */,
				49E874461A3864E200E2A1C8 /* Main.storyboard */,
				49E874491A3864E200E2A1C8 /* Images.xcassets */,
				49E8744B1A3864E200E2A1C8 /* LaunchScreen.xib */,
				49E874401A3864E200E2A1C8 /* userTestTask.xcdatamodeld */,
				49E874391A3864E200E2A1C8 /* Supporting Files */,
			);
			path = userTestTask;
			sourceTree = "<group>";
		};
		49E874391A3864E200E2A1C8 /* Supporting Files */ = {
			isa = PBXGroup;
			children = (
				49E8743A1A3864E200E2A1C8 /* Info.plist */,
				49E8743B1A3864E200E2A1C8 /* main.m */,
			);
			name = "Supporting Files";
			sourceTree = "<group>";
		};
		49E874551A3864E200E2A1C8 /* userTestTaskTests */ = {
			isa = PBXGroup;
			children = (
				49E874581A3864E200E2A1C8 /* userTestTaskTests.m */,
				49E874561A3864E200E2A1C8 /* Supporting Files */,
			);
			path = userTestTaskTests;
			sourceTree = "<group>";
		};
		49E874561A3864E200E2A1C8 /* Supporting Files */ = {
			isa = PBXGroup;
			children = (
				49E874571A3864E200E2A1C8 /* Info.plist */,
			);
			name = "Supporting Files";
			sourceTree = "<group>";
		};
/* End PBXGroup section */

/* Begin PBXNativeTarget section */
		49E874351A3864E200E2A1C8 /* userTestTask */ = {
			isa = PBXNativeTarget;
			buildConfigurationList = 49E8745C1A3864E200E2A1C8 /* Build configuration list for PBXNativeTarget "userTestTask" */;
			buildPhases = (
				49E874321A3864E200E2A1C8 /* Sources */,
				49E874331A3864E200E2A1C8 /* Frameworks */,
				49E874341A3864E200E2A1C8 /* Resources */,
			);
			buildRules = (
			);
			dependencies = (
			);
			name = userTestTask;
			productName = userTestTask;
			productReference = 49E874361A3864E200E2A1C8 /* userTestTask.app */;
			productType = "com.apple.product-type.application";
		};
		49E874511A3864E200E2A1C8 /* userTestTaskTests */ = {
			isa = PBXNativeTarget;
			buildConfigurationList = 49E8745F1A3864E200E2A1C8 /* Build configuration list for PBXNativeTarget "userTestTaskTests" */;
			buildPhases = (
				49E8744E1A3864E200E2A1C8 /* Sources */,
				49E8744F1A3864E200E2A1C8 /* Frameworks */,
				49E874501A3864E200E2A1C8 /* Resources */,
			);
			buildRules = (
			);
			dependencies = (
				49E874541A3864E200E2A1C8 /* PBXTargetDependency */,
			);
			name = userTestTaskTests;
			productName = userTestTaskTests;
			productReference = 49E874521A3864E200E2A1C8 /* userTestTaskTests.xctest */;
			productType = "com.apple.product-type.bundle.unit-test";
		};
/* End PBXNativeTarget section */

/* Begin PBXProject section */
		49E8742E1A3864E200E2A1C8 /* Project object */ = {
			isa = PBXProject;
			attributes = {
				LastUpgradeCheck = 0610;
				ORGANIZATIONNAME = ARC;
				TargetAttributes = {
					49E874351A3864E200E2A1C8 = {
						CreatedOnToolsVersion = 6.1.1;
					};
					49E874511A3864E200E2A1C8 = {
						CreatedOnToolsVersion = 6.1.1;
						TestTargetID = 49E874351A3864E200E2A1C8;
					};
				};
			};
			buildConfigurationList = 49E874311A3864E200E2A1C8 /* Build configuration list for PBXProject "userTestTask" */;
			compatibilityVersion = "Xcode 3.2";
			developmentRegion = English;
			hasScannedForEncodings = 0;
			knownRegions = (
				en,
				Base,
			);
			mainGroup = 49E8742D1A3864E200E2A1C8;
			productRefGroup = 49E874371A3864E200E2A1C8 /* Products */;
			projectDirPath = "";
			projectRoot = "";
			targets = (
				49E874351A3864E200E2A1C8 /* userTestTask */,
				49E874511A3864E200E2A1C8 /* userTestTaskTests */,
			);
		};
/* End PBXProject section */

/* Begin PBXResourcesBuildPhase section */
		49E874341A3864E200E2A1C8 /* Resources */ = {
			isa = PBXResourcesBuildPhase;
			buildActionMask = 2147483647;
			files = (
				49E874481A3864E200E2A1C8 /* Main.storyboard in Resources */,
				49E8744D1A3864E200E2A1C8 /* LaunchScreen.xib in Resources */,
				49E8744A1A3864E200E2A1C8 /* Images.xcassets in Resources */,
			);
			runOnlyForDeploymentPostprocessing = 0;
		};
		49E874501A3864E200E2A1C8 /* Resources */ = {
			isa = PBXResourcesBuildPhase;
			buildActionMask = 2147483647;
			files = (
			);
			runOnlyForDeploymentPostprocessing = 0;
		};
/* End PBXResourcesBuildPhase section */

/* Begin PBXSourcesBuildPhase section */
		49E874321A3864E200E2A1C8 /* Sources */ = {
			isa = PBXSourcesBuildPhase;
			buildActionMask = 2147483647;
			files = (
				49E8743F1A3864E200E2A1C8 /* AppDelegate.m in Sources */,
				49E874421A3864E200E2A1C8 /* userTestTask.xcdatamodeld in Sources */,
				49E874451A3864E200E2A1C8 /* ViewController.m in Sources */,
				49E8743C1A3864E200E2A1C8 /* main.m in Sources */,
			);
			runOnlyForDeploymentPostprocessing = 0;
		};
		49E8744E1A3864E200E2A1C8 /* Sources */ = {
			isa = PBXSourcesBuildPhase;
			buildActionMask = 2147483647;
			files = (
				49E874591A3864E200E2A1C8 /* userTestTaskTests.m in Sources */,
			);
			runOnlyForDeploymentPostprocessing = 0;
		};
/* End PBXSourcesBuildPhase section */

/* Begin PBXTargetDependency section */
		49E874541A3864E200E2A1C8 /* PBXTargetDependency */ = {
			isa = PBXTargetDependency;
			target = 49E874351A3864E200E2A1C8 /* userTestTask */;
			targetProxy = 49E874531A3864E200E2A1C8 /* PBXContainerItemProxy */;
		};
/* End PBXTargetDependency section */

/* Begin PBXVariantGroup section */
		49E874461A3864E200E2A1C8 /* Main.storyboard */ = {
			isa = PBXVariantGroup;
			children = (
				49E874471A3864E200E2A1C8 /* Base */,
			);
			name = Main.storyboard;
			sourceTree = "<group>";
		};
		49E8744B1A3864E200E2A1C8 /* LaunchScreen.xib */ = {
			isa = PBXVariantGroup;
			children = (
				49E8744C1A3864E200E2A1C8 /* Base */,
			);
			name = LaunchScreen.xib;
			sourceTree = "<group>";
		};
/* End PBXVariantGroup section */

/* Begin XCBuildConfiguration section */
		49E8745A1A3864E200E2A1C8 /* Debug */ = {
			isa = XCBuildConfiguration;
			buildSettings = {
				ALWAYS_SEARCH_USER_PATHS = NO;
				CLANG_CXX_LANGUAGE_STANDARD = "gnu++0x";
				CLANG_CXX_LIBRARY = "libc++";
				CLANG_ENABLE_MODULES = YES;
				CLANG_ENABLE_OBJC_ARC = YES;
				CLANG_WARN_BOOL_CONVERSION = YES;
				CLANG_WARN_CONSTANT_CONVERSION = YES;
				CLANG_WARN_DIRECT_OBJC_ISA_USAGE = YES_ERROR;
				CLANG_WARN_EMPTY_BODY = YES;
				CLANG_WARN_ENUM_CONVERSION = YES;
				CLANG_WARN_INT_CONVERSION = YES;
				CLANG_WARN_OBJC_ROOT_CLASS = YES_ERROR;
				CLANG_WARN_UNREACHABLE_CODE = YES;
				CLANG_WARN__DUPLICATE_METHOD_MATCH = YES;
				"CODE_SIGN_IDENTITY[sdk=iphoneos*]" = "iPhone Developer";
				COPY_PHASE_STRIP = NO;
				ENABLE_STRICT_OBJC_MSGSEND = YES;
				GCC_C_LANGUAGE_STANDARD = gnu99;
				GCC_DYNAMIC_NO_PIC = NO;
				GCC_OPTIMIZATION_LEVEL = 0;
				GCC_PREPROCESSOR_DEFINITIONS = (
					"DEBUG=1",
					"$(inherited)",
				);
				GCC_SYMBOLS_PRIVATE_EXTERN = NO;
				GCC_WARN_64_TO_32_BIT_CONVERSION = YES;
				GCC_WARN_ABOUT_RETURN_TYPE = YES_ERROR;
				GCC_WARN_UNDECLARED_SELECTOR = YES;
				GCC_WARN_UNINITIALIZED_AUTOS = YES_AGGRESSIVE;
				GCC_WARN_UNUSED_FUNCTION = YES;
				GCC_WARN_UNUSED_VARIABLE = YES;
				IPHONEOS_DEPLOYMENT_TARGET = 8.1;
				MTL_ENABLE_DEBUG_INFO = YES;
				ONLY_ACTIVE_ARCH = YES;
				SDKROOT = iphoneos;
				TARGETED_DEVICE_FAMILY = "1,2";
			};
			name = Debug;
		};
		49E8745B1A3864E200E2A1C8 /* Release */ = {
			isa = XCBuildConfiguration;
			buildSettings = {
				ALWAYS_SEARCH_USER_PATHS = NO;
				CLANG_CXX_LANGUAGE_STANDARD = "gnu++0x";
				CLANG_CXX_LIBRARY = "libc++";
				CLANG_ENABLE_MODULES = YES;
				CLANG_ENABLE_OBJC_ARC = YES;
				CLANG_WARN_BOOL_CONVERSION = YES;
				CLANG_WARN_CONSTANT_CONVERSION = YES;
				CLANG_WARN_DIRECT_OBJC_ISA_USAGE = YES_ERROR;
				CLANG_WARN_EMPTY_BODY = YES;
				CLANG_WARN_ENUM_CONVERSION = YES;
				CLANG_WARN_INT_CONVERSION = YES;
				CLANG_WARN_OBJC_ROOT_CLASS = YES_ERROR;
				CLANG_WARN_UNREACHABLE_CODE = YES;
				CLANG_WARN__DUPLICATE_METHOD_MATCH = YES;
				"CODE_SIGN_IDENTITY[sdk=iphoneos*]" = "iPhone Developer";
				COPY_PHASE_STRIP = YES;
				ENABLE_NS_ASSERTIONS = NO;
				ENABLE_STRICT_OBJC_MSGSEND = YES;
				GCC_C_LANGUAGE_STANDARD = gnu99;
				GCC_WARN_64_TO_32_BIT_CONVERSION = YES;
				GCC_WARN_ABOUT_RETURN_TYPE = YES_ERROR;
				GCC_WARN_UNDECLARED_SELECTOR = YES;
				GCC_WARN_UNINITIALIZED_AUTOS = YES_AGGRESSIVE;
				GCC_WARN_UNUSED_FUNCTION = YES;
				GCC_WARN_UNUSED_VARIABLE = YES;
				IPHONEOS_DEPLOYMENT_TARGET = 8.1;
				MTL_ENABLE_DEBUG_INFO = NO;
				SDKROOT = iphoneos;
				TARGETED_DEVICE_FAMILY = "1,2";
				VALIDATE_PRODUCT = YES;
			};
			name = Release;
		};
		49E8745D1A3864E200E2A1C8 /* Debug */ = {
			isa = XCBuildConfiguration;
			buildSettings = {
				ASSETCATALOG_COMPILER_APPICON_NAME = AppIcon;
				INFOPLIST_FILE = userTestTask/Info.plist;
				LD_RUNPATH_SEARCH_PATHS = "$(inherited) @executable_path/Frameworks";
				PRODUCT_NAME = "$(TARGET_NAME)";
			};
			name = Debug;
		};
		49E8745E1A3864E200E2A1C8 /* Release */ = {
			isa = XCBuildConfiguration;
			buildSettings = {
				ASSETCATALOG_COMPILER_APPICON_NAME = AppIcon;
				INFOPLIST_FILE = userTestTask/Info.plist;
				LD_RUNPATH_SEARCH_PATHS = "$(inherited) @executable_path/Frameworks";
				PRODUCT_NAME = "$(TARGET_NAME)";
			};
			name = Release;
		};
		49E874601A3864E200E2A1C8 /* Debug */ = {
			isa = XCBuildConfiguration;
			buildSettings = {
				BUNDLE_LOADER = "$(TEST_HOST)";
				FRAMEWORK_SEARCH_PATHS = (
					"$(SDKROOT)/Developer/Library/Frameworks",
					"$(inherited)",
				);
				GCC_PREPROCESSOR_DEFINITIONS = (
					"DEBUG=1",
					"$(inherited)",
				);
				INFOPLIST_FILE = userTestTaskTests/Info.plist;
				LD_RUNPATH_SEARCH_PATHS = "$(inherited) @executable_path/Frameworks @loader_path/Frameworks";
				PRODUCT_NAME = "$(TARGET_NAME)";
				TEST_HOST = "$(BUILT_PRODUCTS_DIR)/userTestTask.app/userTestTask";
			};
			name = Debug;
		};
		49E874611A3864E200E2A1C8 /* Release */ = {
			isa = XCBuildConfiguration;
			buildSettings = {
				BUNDLE_LOADER = "$(TEST_HOST)";
				FRAMEWORK_SEARCH_PATHS = (
					"$(SDKROOT)/Developer/Library/Frameworks",
					"$(inherited)",
				);
				INFOPLIST_FILE = userTestTaskTests/Info.plist;
				LD_RUNPATH_SEARCH_PATHS = "$(inherited) @executable_path/Frameworks @loader_path/Frameworks";
				PRODUCT_NAME = "$(TARGET_NAME)";
				TEST_HOST = "$(BUILT_PRODUCTS_DIR)/userTestTask.app/userTestTask";
			};
			name = Release;
		};
/* End XCBuildConfiguration section */

/* Begin XCConfigurationList section */
		49E874311A3864E200E2A1C8 /* Build configuration list for PBXProject "userTestTask" */ = {
			isa = XCConfigurationList;
			buildConfigurations = (
				49E8745A1A3864E200E2A1C8 /* Debug */,
				49E8745B1A3864E200E2A1C8 /* Release */,
			);
			defaultConfigurationIsVisible = 0;
			defaultConfigurationName = Release;
		};
		49E8745C1A3864E200E2A1C8 /* Build configuration list for PBXNativeTarget "userTestTask" */ = {
			isa = XCConfigurationList;
			buildConfigurations = (
				49E8745D1A3864E200E2A1C8 /* Debug */,
				49E8745E1A3864E200E2A1C8 /* Release */,
			);
			defaultConfigurationIsVisible = 0;
		};
		49E8745F1A3864E200E2A1C8 /* Build configuration list for PBXNativeTarget "userTestTaskTests" */ = {
			isa = XCConfigurationList;
			buildConfigurations = (
				49E874601A3864E200E2A1C8 /* Debug */,
				49E874611A3864E200E2A1C8 /* Release */,
			);
			defaultConfigurationIsVisible = 0;
		};
/* End XCConfigurationList section */

/* Begin XCVersionGroup section */
		49E874401A3864E200E2A1C8 /* userTestTask.xcdatamodeld */ = {
			isa = XCVersionGroup;
			children = (
				49E874411A3864E200E2A1C8 /* userTestTask.xcdatamodel */,
			);
			currentVersion = 49E874411A3864E200E2A1C8 /* userTestTask.xcdatamodel */;
			path = userTestTask.xcdatamodeld;
			sourceTree = "<group>";
			versionGroupType = wrapper.xcdatamodel;
		};
/* End XCVersionGroup section */
	};
	rootObject = 49E8742E1A3864E200E2A1C8 /* Project object */;
}
